
Microsoft Visual Studio Solution File, Format Version 12.00
# Visual Studio Version 16
VisualStudioVersion = 16.0.31321.278
MinimumVisualStudioVersion = 10.0.40219.1
Project("{FAE04EC0-301F-11D3-BF4B-00C04F79EFBC}") = "Google Pie Chart Report App", "Google Pie Chart Report App\Google Pie Chart Report App.csproj", "{10AA376B-9D3B-49B2-9D84-F00E50DF7690}"
EndProject
Global
	GlobalSection(SolutionConfigurationPlatforms) = preSolution
		Debug|Any CPU = Debug|Any CPU
		Release|Any CPU = Release|Any CPU
	EndGlobalSection
	GlobalSection(ProjectConfigurationPlatforms) = postSolution
		{10AA376B-9D3B-49B2-9D84-F00E50DF7690}.Debug|Any CPU.ActiveCfg = Debug|Any CPU
		{10AA376B-9D3B-49B2-9D84-F00E50DF7690}.Debug|Any CPU.Build.0 = Debug|Any CPU
		{10AA376B-9D3B-49B2-9D84-F00E50DF7690}.Release|Any CPU.ActiveCfg = Release|Any CPU
		{10AA376B-9D3B-49B2-9D84-F00E50DF7690}.Release|Any CPU.Build.0 = Release|Any CPU
	EndGlobalSection
	GlobalSection(SolutionProperties) = preSolution
		HideSolutionNode = FALSE
	EndGlobalSection
	GlobalSection(ExtensibilityGlobals) = postSolution
		SolutionGuid = {A9F06F6A-C393-4A43-8A6B-8E75D1333957}
	EndGlobalSection
EndGlobal
